// !$*UTF8*$!
{
	archiveVersion = 1;
	classes = {
	};
	objectVersion = 46;
	objects = {

/* Begin PBXBuildFile section */
		CF036F8E1B1F16C4002D9A10 /* ImageResizer.swift in Sources */ = {isa = PBXBuildFile; fileRef = CF036F8D1B1F16C4002D9A10 /* ImageResizer.swift */; };
		CF036F901B1F176E002D9A10 /* UIImage+Resize.swift in Sources */ = {isa = PBXBuildFile; fileRef = CF036F8F1B1F176E002D9A10 /* UIImage+Resize.swift */; };
		CF036F941B1F1E0B002D9A10 /* PhotosViewController.swift in Sources */ = {isa = PBXBuildFile; fileRef = CF036F931B1F1E0B002D9A10 /* PhotosViewController.swift */; };
		CF036F971B1F2D4B002D9A10 /* AlbumViewCell.swift in Sources */ = {isa = PBXBuildFile; fileRef = CF036F951B1F2D4B002D9A10 /* AlbumViewCell.swift */; };
		CF036F981B1F2D4B002D9A10 /* AlbumViewCell.xib in Resources */ = {isa = PBXBuildFile; fileRef = CF036F961B1F2D4B002D9A10 /* AlbumViewCell.xib */; };
		CF036F9B1B1F2DC3002D9A10 /* frame2.png in Resources */ = {isa = PBXBuildFile; fileRef = CF036F991B1F2DC3002D9A10 /* frame2.png */; };
		CF036F9C1B1F2DC3002D9A10 /* frame5.png in Resources */ = {isa = PBXBuildFile; fileRef = CF036F9A1B1F2DC3002D9A10 /* frame5.png */; };
		CF036F9E1B1F543D002D9A10 /* FacebookHelper.swift in Sources */ = {isa = PBXBuildFile; fileRef = CF036F9D1B1F543D002D9A10 /* FacebookHelper.swift */; };
		CF036FF71B25A715002D9A10 /* UserProfile.swift in Sources */ = {isa = PBXBuildFile; fileRef = CF036FF61B25A715002D9A10 /* UserProfile.swift */; };
		CFC730ED1B27467900AF4316 /* profileBackgroun@2x.png in Resources */ = {isa = PBXBuildFile; fileRef = CFC730EC1B27467800AF4316 /* profileBackgroun@2x.png */; };
		CFC730F01B27483500AF4316 /* femaleAvtar.png in Resources */ = {isa = PBXBuildFile; fileRef = CFC730EE1B27483500AF4316 /* femaleAvtar.png */; };
		CFC730F11B27483500AF4316 /* maleAvtar.png in Resources */ = {isa = PBXBuildFile; fileRef = CFC730EF1B27483500AF4316 /* maleAvtar.png */; };
		CFC730F81B27F57F00AF4316 /* FBPhoto.swift in Sources */ = {isa = PBXBuildFile; fileRef = CFC730F71B27F57F00AF4316 /* FBPhoto.swift */; };
		CFC730FA1B28175B00AF4316 /* ImageDownloadOperation.swift in Sources */ = {isa = PBXBuildFile; fileRef = CFC730F91B28175B00AF4316 /* ImageDownloadOperation.swift */; };
		CFF5A2171B1C9D29008B74BE /* AppDelegate.swift in Sources */ = {isa = PBXBuildFile; fileRef = CFF5A2161B1C9D29008B74BE /* AppDelegate.swift */; };
		CFF5A2191B1C9D29008B74BE /* ViewController.swift in Sources */ = {isa = PBXBuildFile; fileRef = CFF5A2181B1C9D29008B74BE /* ViewController.swift */; };
		CFF5A21C1B1C9D29008B74BE /* Main.storyboard in Resources */ = {isa = PBXBuildFile; fileRef = CFF5A21A1B1C9D29008B74BE /* Main.storyboard */; };
		CFF5A21E1B1C9D29008B74BE /* Images.xcassets in Resources */ = {isa = PBXBuildFile; fileRef = CFF5A21D1B1C9D29008B74BE /* Images.xcassets */; };
		CFF5A2211B1C9D29008B74BE /* LaunchScreen.xib in Resources */ = {isa = PBXBuildFile; fileRef = CFF5A21F1B1C9D29008B74BE /* LaunchScreen.xib */; };
		CFF5A22D1B1C9D29008B74BE /* AirStreamTests.swift in Sources */ = {isa = PBXBuildFile; fileRef = CFF5A22C1B1C9D29008B74BE /* AirStreamTests.swift */; };
		CFF5A2381B1CA0A3008B74BE /* FBSDKCoreKit.framework in Frameworks */ = {isa = PBXBuildFile; fileRef = CFF5A2361B1CA0A3008B74BE /* FBSDKCoreKit.framework */; };
		CFF5A2391B1CA0A3008B74BE /* FBSDKLoginKit.framework in Frameworks */ = {isa = PBXBuildFile; fileRef = CFF5A2371B1CA0A3008B74BE /* FBSDKLoginKit.framework */; };
		CFF5A23C1B1CA36E008B74BE /* airstream-logo.png in Resources */ = {isa = PBXBuildFile; fileRef = CFF5A23B1B1CA36E008B74BE /* airstream-logo.png */; };
		CFF5A24C1B1CB327008B74BE /* User.m in Sources */ = {isa = PBXBuildFile; fileRef = CFF5A24A1B1CB327008B74BE /* User.m */; };
		CFF5A2501B1D6EA7008B74BE /* photo@2x.png in Resources */ = {isa = PBXBuildFile; fileRef = CFF5A24E1B1D6EA7008B74BE /* photo@2x.png */; };
		CFF5A2511B1D6EA7008B74BE /* video@2x.png in Resources */ = {isa = PBXBuildFile; fileRef = CFF5A24F1B1D6EA7008B74BE /* video@2x.png */; };
		CFF5A2541B1D81CE008B74BE /* deselectTab@2x.png in Resources */ = {isa = PBXBuildFile; fileRef = CFF5A2521B1D81CE008B74BE /* deselectTab@2x.png */; };
		CFF5A2551B1D81CE008B74BE /* selectedTab@2x.png in Resources */ = {isa = PBXBuildFile; fileRef = CFF5A2531B1D81CE008B74BE /* selectedTab@2x.png */; };
		CFF5A2571B1D8D0A008B74BE /* Album.swift in Sources */ = {isa = PBXBuildFile; fileRef = CFF5A2561B1D8D0A008B74BE /* Album.swift */; };
/* End PBXBuildFile section */

/* Begin PBXContainerItemProxy section */
		CFF5A2271B1C9D29008B74BE /* PBXContainerItemProxy */ = {
			isa = PBXContainerItemProxy;
			containerPortal = CFF5A2091B1C9D29008B74BE /* Project object */;
			proxyType = 1;
			remoteGlobalIDString = CFF5A2101B1C9D29008B74BE;
			remoteInfo = AirStream;
		};
/* End PBXContainerItemProxy section */

/* Begin PBXCopyFilesBuildPhase section */
		CFF5A27E1B1DD1F2008B74BE /* Embed App Extensions */ = {
			isa = PBXCopyFilesBuildPhase;
			buildActionMask = 2147483647;
			dstPath = "";
			dstSubfolderSpec = 13;
			files = (
			);
			name = "Embed App Extensions";
			runOnlyForDeploymentPostprocessing = 0;
		};
/* End PBXCopyFilesBuildPhase section */

/* Begin PBXFileReference section */
		CF036F8D1B1F16C4002D9A10 /* ImageResizer.swift */ = {isa = PBXFileReference; fileEncoding = 4; lastKnownFileType = sourcecode.swift; path = ImageResizer.swift; sourceTree = "<group>"; };
		CF036F8F1B1F176E002D9A10 /* UIImage+Resize.swift */ = {isa = PBXFileReference; fileEncoding = 4; lastKnownFileType = sourcecode.swift; path = "UIImage+Resize.swift"; sourceTree = "<group>"; };
		CF036F931B1F1E0B002D9A10 /* PhotosViewController.swift */ = {isa = PBXFileReference; fileEncoding = 4; lastKnownFileType = sourcecode.swift; path = PhotosViewController.swift; sourceTree = "<group>"; };
		CF036F951B1F2D4B002D9A10 /* AlbumViewCell.swift */ = {isa = PBXFileReference; fileEncoding = 4; lastKnownFileType = sourcecode.swift; path = AlbumViewCell.swift; sourceTree = "<group>"; };
		CF036F961B1F2D4B002D9A10 /* AlbumViewCell.xib */ = {isa = PBXFileReference; fileEncoding = 4; lastKnownFileType = file.xib; path = AlbumViewCell.xib; sourceTree = "<group>"; };
		CF036F991B1F2DC3002D9A10 /* frame2.png */ = {isa = PBXFileReference; lastKnownFileType = image.png; name = frame2.png; path = Resource/frame2.png; sourceTree = "<group>"; };
		CF036F9A1B1F2DC3002D9A10 /* frame5.png */ = {isa = PBXFileReference; lastKnownFileType = image.png; name = frame5.png; path = Resource/frame5.png; sourceTree = "<group>"; };
		CF036F9D1B1F543D002D9A10 /* FacebookHelper.swift */ = {isa = PBXFileReference; fileEncoding = 4; lastKnownFileType = sourcecode.swift; path = FacebookHelper.swift; sourceTree = "<group>"; };
		CF036FF61B25A715002D9A10 /* UserProfile.swift */ = {isa = PBXFileReference; fileEncoding = 4; lastKnownFileType = sourcecode.swift; path = UserProfile.swift; sourceTree = "<group>"; };
		CFC730EC1B27467800AF4316 /* profileBackgroun@2x.png */ = {isa = PBXFileReference; lastKnownFileType = image.png; name = "profileBackgroun@2x.png"; path = "Resource/profileBackgroun@2x.png"; sourceTree = "<group>"; };
		CFC730EE1B27483500AF4316 /* femaleAvtar.png */ = {isa = PBXFileReference; lastKnownFileType = image.png; name = femaleAvtar.png; path = Resource/femaleAvtar.png; sourceTree = "<group>"; };
		CFC730EF1B27483500AF4316 /* maleAvtar.png */ = {isa = PBXFileReference; lastKnownFileType = image.png; name = maleAvtar.png; path = Resource/maleAvtar.png; sourceTree = "<group>"; };
		CFC730F71B27F57F00AF4316 /* FBPhoto.swift */ = {isa = PBXFileReference; fileEncoding = 4; lastKnownFileType = sourcecode.swift; path = FBPhoto.swift; sourceTree = "<group>"; };
		CFC730F91B28175B00AF4316 /* ImageDownloadOperation.swift */ = {isa = PBXFileReference; fileEncoding = 4; lastKnownFileType = sourcecode.swift; path = ImageDownloadOperation.swift; sourceTree = "<group>"; };
		CFF5A2111B1C9D29008B74BE /* AirStream.app */ = {isa = PBXFileReference; explicitFileType = wrapper.application; includeInIndex = 0; path = AirStream.app; sourceTree = BUILT_PRODUCTS_DIR; };
		CFF5A2151B1C9D29008B74BE /* Info.plist */ = {isa = PBXFileReference; lastKnownFileType = text.plist.xml; path = Info.plist; sourceTree = "<group>"; };
		CFF5A2161B1C9D29008B74BE /* AppDelegate.swift */ = {isa = PBXFileReference; lastKnownFileType = sourcecode.swift; path = AppDelegate.swift; sourceTree = "<group>"; };
		CFF5A2181B1C9D29008B74BE /* ViewController.swift */ = {isa = PBXFileReference; lastKnownFileType = sourcecode.swift; path = ViewController.swift; sourceTree = "<group>"; };
		CFF5A21B1B1C9D29008B74BE /* Base */ = {isa = PBXFileReference; lastKnownFileType = file.storyboard; name = Base; path = Base.lproj/Main.storyboard; sourceTree = "<group>"; };
		CFF5A21D1B1C9D29008B74BE /* Images.xcassets */ = {isa = PBXFileReference; lastKnownFileType = folder.assetcatalog; path = Images.xcassets; sourceTree = "<group>"; };
		CFF5A2201B1C9D29008B74BE /* Base */ = {isa = PBXFileReference; lastKnownFileType = file.xib; name = Base; path = Base.lproj/LaunchScreen.xib; sourceTree = "<group>"; };
		CFF5A2261B1C9D29008B74BE /* AirStreamTests.xctest */ = {isa = PBXFileReference; explicitFileType = wrapper.cfbundle; includeInIndex = 0; path = AirStreamTests.xctest; sourceTree = BUILT_PRODUCTS_DIR; };
		CFF5A22B1B1C9D29008B74BE /* Info.plist */ = {isa = PBXFileReference; lastKnownFileType = text.plist.xml; path = Info.plist; sourceTree = "<group>"; };
		CFF5A22C1B1C9D29008B74BE /* AirStreamTests.swift */ = {isa = PBXFileReference; lastKnownFileType = sourcecode.swift; path = AirStreamTests.swift; sourceTree = "<group>"; };
		CFF5A2361B1CA0A3008B74BE /* FBSDKCoreKit.framework */ = {isa = PBXFileReference; lastKnownFileType = wrapper.framework; path = FBSDKCoreKit.framework; sourceTree = "<group>"; };
		CFF5A2371B1CA0A3008B74BE /* FBSDKLoginKit.framework */ = {isa = PBXFileReference; lastKnownFileType = wrapper.framework; path = FBSDKLoginKit.framework; sourceTree = "<group>"; };
		CFF5A23B1B1CA36E008B74BE /* airstream-logo.png */ = {isa = PBXFileReference; lastKnownFileType = image.png; name = "airstream-logo.png"; path = "Resource/airstream-logo.png"; sourceTree = "<group>"; };
		CFF5A23D1B1CA38E008B74BE /* FBImport.h */ = {isa = PBXFileReference; lastKnownFileType = sourcecode.c.h; path = FBImport.h; sourceTree = "<group>"; };
		CFF5A2491B1CB327008B74BE /* User.h */ = {isa = PBXFileReference; fileEncoding = 4; lastKnownFileType = sourcecode.c.h; path = User.h; sourceTree = "<group>"; };
		CFF5A24A1B1CB327008B74BE /* User.m */ = {isa = PBXFileReference; fileEncoding = 4; lastKnownFileType = sourcecode.c.objc; path = User.m; sourceTree = "<group>"; };
		CFF5A24E1B1D6EA7008B74BE /* photo@2x.png */ = {isa = PBXFileReference; lastKnownFileType = image.png; name = "photo@2x.png"; path = "Resource/photo@2x.png"; sourceTree = "<group>"; };
		CFF5A24F1B1D6EA7008B74BE /* video@2x.png */ = {isa = PBXFileReference; lastKnownFileType = image.png; name = "video@2x.png"; path = "Resource/video@2x.png"; sourceTree = "<group>"; };
		CFF5A2521B1D81CE008B74BE /* deselectTab@2x.png */ = {isa = PBXFileReference; lastKnownFileType = image.png; name = "deselectTab@2x.png"; path = "Resource/deselectTab@2x.png"; sourceTree = "<group>"; };
		CFF5A2531B1D81CE008B74BE /* selectedTab@2x.png */ = {isa = PBXFileReference; lastKnownFileType = image.png; name = "selectedTab@2x.png"; path = "Resource/selectedTab@2x.png"; sourceTree = "<group>"; };
		CFF5A2561B1D8D0A008B74BE /* Album.swift */ = {isa = PBXFileReference; fileEncoding = 4; lastKnownFileType = sourcecode.swift; path = Album.swift; sourceTree = "<group>"; };
/* End PBXFileReference section */

/* Begin PBXFrameworksBuildPhase section */
		CFF5A20E1B1C9D29008B74BE /* Frameworks */ = {
			isa = PBXFrameworksBuildPhase;
			buildActionMask = 2147483647;
			files = (
				CFF5A2381B1CA0A3008B74BE /* FBSDKCoreKit.framework in Frameworks */,
				CFF5A2391B1CA0A3008B74BE /* FBSDKLoginKit.framework in Frameworks */,
			);
			runOnlyForDeploymentPostprocessing = 0;
		};
		CFF5A2231B1C9D29008B74BE /* Frameworks */ = {
			isa = PBXFrameworksBuildPhase;
			buildActionMask = 2147483647;
			files = (
			);
			runOnlyForDeploymentPostprocessing = 0;
		};
/* End PBXFrameworksBuildPhase section */

/* Begin PBXGroup section */
		CF036F8C1B1F16A9002D9A10 /* ImageResize */ = {
			isa = PBXGroup;
			children = (
				CF036F8D1B1F16C4002D9A10 /* ImageResizer.swift */,
				CF036F8F1B1F176E002D9A10 /* UIImage+Resize.swift */,
			);
			name = ImageResize;
			sourceTree = "<group>";
		};
		CFC730F41B27584900AF4316 /* Model */ = {
			isa = PBXGroup;
			children = (
				CFF5A2561B1D8D0A008B74BE /* Album.swift */,
				CFC730F71B27F57F00AF4316 /* FBPhoto.swift */,
			);
			name = Model;
			sourceTree = "<group>";
		};
		CFC730F51B27585900AF4316 /* ViewController */ = {
			isa = PBXGroup;
			children = (
				CF036FF61B25A715002D9A10 /* UserProfile.swift */,
				CFF5A2181B1C9D29008B74BE /* ViewController.swift */,
				CF036F931B1F1E0B002D9A10 /* PhotosViewController.swift */,
			);
			name = ViewController;
			sourceTree = "<group>";
		};
		CFC730F61B27587400AF4316 /* Objective-C */ = {
			isa = PBXGroup;
			children = (
				CFF5A2491B1CB327008B74BE /* User.h */,
				CFF5A24A1B1CB327008B74BE /* User.m */,
			);
			name = "Objective-C";
			sourceTree = "<group>";
		};
		CFF5A2081B1C9D29008B74BE = {
			isa = PBXGroup;
			children = (
				CFF5A23A1B1CA0AB008B74BE /* Resource */,
				CFF5A2361B1CA0A3008B74BE /* FBSDKCoreKit.framework */,
				CFF5A2371B1CA0A3008B74BE /* FBSDKLoginKit.framework */,
				CFF5A2131B1C9D29008B74BE /* AirStream */,
				CFF5A2291B1C9D29008B74BE /* AirStreamTests */,
				CFF5A2121B1C9D29008B74BE /* Products */,
			);
			sourceTree = "<group>";
		};
		CFF5A2121B1C9D29008B74BE /* Products */ = {
			isa = PBXGroup;
			children = (
				CFF5A2111B1C9D29008B74BE /* AirStream.app */,
				CFF5A2261B1C9D29008B74BE /* AirStreamTests.xctest */,
			);
			name = Products;
			sourceTree = "<group>";
		};
		CFF5A2131B1C9D29008B74BE /* AirStream */ = {
			isa = PBXGroup;
			children = (
				CFC730F61B27587400AF4316 /* Objective-C */,
				CFC730F51B27585900AF4316 /* ViewController */,
				CFC730F41B27584900AF4316 /* Model */,
				CF036F8C1B1F16A9002D9A10 /* ImageResize */,
				CFF5A2161B1C9D29008B74BE /* AppDelegate.swift */,
				CFF5A21A1B1C9D29008B74BE /* Main.storyboard */,
				CFF5A21D1B1C9D29008B74BE /* Images.xcassets */,
				CFF5A21F1B1C9D29008B74BE /* LaunchScreen.xib */,
				CFF5A2141B1C9D29008B74BE /* Supporting Files */,
				CFF5A23D1B1CA38E008B74BE /* FBImport.h */,
				CF036F951B1F2D4B002D9A10 /* AlbumViewCell.swift */,
				CF036F961B1F2D4B002D9A10 /* AlbumViewCell.xib */,
				CF036F9D1B1F543D002D9A10 /* FacebookHelper.swift */,
				CFC730F91B28175B00AF4316 /* ImageDownloadOperation.swift */,
			);
			path = AirStream;
			sourceTree = "<group>";
		};
		CFF5A2141B1C9D29008B74BE /* Supporting Files */ = {
			isa = PBXGroup;
			children = (
				CFF5A2151B1C9D29008B74BE /* Info.plist */,
			);
			name = "Supporting Files";
			sourceTree = "<group>";
		};
		CFF5A2291B1C9D29008B74BE /* AirStreamTests */ = {
			isa = PBXGroup;
			children = (
				CFF5A22C1B1C9D29008B74BE /* AirStreamTests.swift */,
				CFF5A22A1B1C9D29008B74BE /* Supporting Files */,
			);
			path = AirStreamTests;
			sourceTree = "<group>";
		};
		CFF5A22A1B1C9D29008B74BE /* Supporting Files */ = {
			isa = PBXGroup;
			children = (
				CFF5A22B1B1C9D29008B74BE /* Info.plist */,
			);
			name = "Supporting Files";
			sourceTree = "<group>";
		};
		CFF5A23A1B1CA0AB008B74BE /* Resource */ = {
			isa = PBXGroup;
			children = (
				CFC730EE1B27483500AF4316 /* femaleAvtar.png */,
				CFC730EF1B27483500AF4316 /* maleAvtar.png */,
				CFC730EC1B27467800AF4316 /* profileBackgroun@2x.png */,
				CF036F991B1F2DC3002D9A10 /* frame2.png */,
				CF036F9A1B1F2DC3002D9A10 /* frame5.png */,
				CFF5A2521B1D81CE008B74BE /* deselectTab@2x.png */,
				CFF5A2531B1D81CE008B74BE /* selectedTab@2x.png */,
				CFF5A24E1B1D6EA7008B74BE /* photo@2x.png */,
				CFF5A24F1B1D6EA7008B74BE /* video@2x.png */,
				CFF5A23B1B1CA36E008B74BE /* airstream-logo.png */,
			);
			name = Resource;
			sourceTree = "<group>";
		};
/* End PBXGroup section */

/* Begin PBXNativeTarget section */
		CFF5A2101B1C9D29008B74BE /* AirStream */ = {
			isa = PBXNativeTarget;
			buildConfigurationList = CFF5A2301B1C9D29008B74BE /* Build configuration list for PBXNativeTarget "AirStream" */;
			buildPhases = (
				CFF5A20D1B1C9D29008B74BE /* Sources */,
				CFF5A20E1B1C9D29008B74BE /* Frameworks */,
				CFF5A20F1B1C9D29008B74BE /* Resources */,
				CFF5A27E1B1DD1F2008B74BE /* Embed App Extensions */,
			);
			buildRules = (
			);
			dependencies = (
			);
			name = AirStream;
			productName = AirStream;
			productReference = CFF5A2111B1C9D29008B74BE /* AirStream.app */;
			productType = "com.apple.product-type.application";
		};
		CFF5A2251B1C9D29008B74BE /* AirStreamTests */ = {
			isa = PBXNativeTarget;
			buildConfigurationList = CFF5A2331B1C9D29008B74BE /* Build configuration list for PBXNativeTarget "AirStreamTests" */;
			buildPhases = (
				CFF5A2221B1C9D29008B74BE /* Sources */,
				CFF5A2231B1C9D29008B74BE /* Frameworks */,
				CFF5A2241B1C9D29008B74BE /* Resources */,
			);
			buildRules = (
			);
			dependencies = (
				CFF5A2281B1C9D29008B74BE /* PBXTargetDependency */,
			);
			name = AirStreamTests;
			productName = AirStreamTests;
			productReference = CFF5A2261B1C9D29008B74BE /* AirStreamTests.xctest */;
			productType = "com.apple.product-type.bundle.unit-test";
		};
/* End PBXNativeTarget section */

/* Begin PBXProject section */
		CFF5A2091B1C9D29008B74BE /* Project object */ = {
			isa = PBXProject;
			attributes = {
				LastUpgradeCheck = 0630;
				ORGANIZATIONNAME = "Shyam Gosavi";
				TargetAttributes = {
					CFF5A2101B1C9D29008B74BE = {
						CreatedOnToolsVersion = 6.3;
					};
					CFF5A2251B1C9D29008B74BE = {
						CreatedOnToolsVersion = 6.3;
						TestTargetID = CFF5A2101B1C9D29008B74BE;
					};
				};
			};
			buildConfigurationList = CFF5A20C1B1C9D29008B74BE /* Build configuration list for PBXProject "AirStream" */;
			compatibilityVersion = "Xcode 3.2";
			developmentRegion = English;
			hasScannedForEncodings = 0;
			knownRegions = (
				en,
				Base,
			);
			mainGroup = CFF5A2081B1C9D29008B74BE;
			productRefGroup = CFF5A2121B1C9D29008B74BE /* Products */;
			projectDirPath = "";
			projectRoot = "";
			targets = (
				CFF5A2101B1C9D29008B74BE /* AirStream */,
				CFF5A2251B1C9D29008B74BE /* AirStreamTests */,
			);
		};
/* End PBXProject section */

/* Begin PBXResourcesBuildPhase section */
		CFF5A20F1B1C9D29008B74BE /* Resources */ = {
			isa = PBXResourcesBuildPhase;
			buildActionMask = 2147483647;
			files = (
				CF036F9B1B1F2DC3002D9A10 /* frame2.png in Resources */,
				CFC730F01B27483500AF4316 /* femaleAvtar.png in Resources */,
				CFC730ED1B27467900AF4316 /* profileBackgroun@2x.png in Resources */,
				CFF5A21C1B1C9D29008B74BE /* Main.storyboard in Resources */,
				CFF5A2211B1C9D29008B74BE /* LaunchScreen.xib in Resources */,
				CF036F9C1B1F2DC3002D9A10 /* frame5.png in Resources */,
				CF036F981B1F2D4B002D9A10 /* AlbumViewCell.xib in Resources */,
				CFF5A2511B1D6EA7008B74BE /* video@2x.png in Resources */,
				CFF5A21E1B1C9D29008B74BE /* Images.xcassets in Resources */,
				CFF5A2501B1D6EA7008B74BE /* photo@2x.png in Resources */,
				CFF5A23C1B1CA36E008B74BE /* airstream-logo.png in Resources */,
				CFF5A2541B1D81CE008B74BE /* deselectTab@2x.png in Resources */,
				CFF5A2551B1D81CE008B74BE /* selectedTab@2x.png in Resources */,
				CFC730F11B27483500AF4316 /* maleAvtar.png in Resources */,
			);
			runOnlyForDeploymentPostprocessing = 0;
		};
		CFF5A2241B1C9D29008B74BE /* Resources */ = {
			isa = PBXResourcesBuildPhase;
			buildActionMask = 2147483647;
			files = (
			);
			runOnlyForDeploymentPostprocessing = 0;
		};
/* End PBXResourcesBuildPhase section */

/* Begin PBXSourcesBuildPhase section */
		CFF5A20D1B1C9D29008B74BE /* Sources */ = {
			isa = PBXSourcesBuildPhase;
			buildActionMask = 2147483647;
			files = (
				CF036F9E1B1F543D002D9A10 /* FacebookHelper.swift in Sources */,
				CF036F941B1F1E0B002D9A10 /* PhotosViewController.swift in Sources */,
				CF036F8E1B1F16C4002D9A10 /* ImageResizer.swift in Sources */,
				CF036F971B1F2D4B002D9A10 /* AlbumViewCell.swift in Sources */,
				CF036FF71B25A715002D9A10 /* UserProfile.swift in Sources */,
				CFF5A2191B1C9D29008B74BE /* ViewController.swift in Sources */,
				CFF5A2171B1C9D29008B74BE /* AppDelegate.swift in Sources */,
				CF036F901B1F176E002D9A10 /* UIImage+Resize.swift in Sources */,
				CFF5A24C1B1CB327008B74BE /* User.m in Sources */,
				CFC730F81B27F57F00AF4316 /* FBPhoto.swift in Sources */,
				CFF5A2571B1D8D0A008B74BE /* Album.swift in Sources */,
				CFC730FA1B28175B00AF4316 /* ImageDownloadOperation.swift in Sources */,
			);
			runOnlyForDeploymentPostprocessing = 0;
		};
		CFF5A2221B1C9D29008B74BE /* Sources */ = {
			isa = PBXSourcesBuildPhase;
			buildActionMask = 2147483647;
			files = (
				CFF5A22D1B1C9D29008B74BE /* AirStreamTests.swift in Sources */,
			);
			runOnlyForDeploymentPostprocessing = 0;
		};
/* End PBXSourcesBuildPhase section */

/* Begin PBXTargetDependency section */
		CFF5A2281B1C9D29008B74BE /* PBXTargetDependency */ = {
			isa = PBXTargetDependency;
			target = CFF5A2101B1C9D29008B74BE /* AirStream */;
			targetProxy = CFF5A2271B1C9D29008B74BE /* PBXContainerItemProxy */;
		};
/* End PBXTargetDependency section */

/* Begin PBXVariantGroup section */
		CFF5A21A1B1C9D29008B74BE /* Main.storyboard */ = {
			isa = PBXVariantGroup;
			children = (
				CFF5A21B1B1C9D29008B74BE /* Base */,
			);
			name = Main.storyboard;
			sourceTree = "<group>";
		};
		CFF5A21F1B1C9D29008B74BE /* LaunchScreen.xib */ = {
			isa = PBXVariantGroup;
			children = (
				CFF5A2201B1C9D29008B74BE /* Base */,
			);
			name = LaunchScreen.xib;
			sourceTree = "<group>";
		};
/* End PBXVariantGroup section */

/* Begin XCBuildConfiguration section */
		CFF5A22E1B1C9D29008B74BE /* Debug */ = {
			isa = XCBuildConfiguration;
			buildSettings = {
				ALWAYS_SEARCH_USER_PATHS = NO;
				CLANG_CXX_LANGUAGE_STANDARD = "gnu++0x";
				CLANG_CXX_LIBRARY = "libc++";
				CLANG_ENABLE_MODULES = YES;
				CLANG_ENABLE_OBJC_ARC = YES;
				CLANG_WARN_BOOL_CONVERSION = YES;
				CLANG_WARN_CONSTANT_CONVERSION = YES;
				CLANG_WARN_DIRECT_OBJC_ISA_USAGE = YES_ERROR;
				CLANG_WARN_EMPTY_BODY = YES;
				CLANG_WARN_ENUM_CONVERSION = YES;
				CLANG_WARN_INT_CONVERSION = YES;
				CLANG_WARN_OBJC_ROOT_CLASS = YES_ERROR;
				CLANG_WARN_UNREACHABLE_CODE = YES;
				CLANG_WARN__DUPLICATE_METHOD_MATCH = YES;
				"CODE_SIGN_IDENTITY[sdk=iphoneos*]" = "iPhone Developer";
				COPY_PHASE_STRIP = NO;
				DEBUG_INFORMATION_FORMAT = "dwarf-with-dsym";
				ENABLE_STRICT_OBJC_MSGSEND = YES;
				GCC_C_LANGUAGE_STANDARD = gnu99;
				GCC_DYNAMIC_NO_PIC = NO;
				GCC_NO_COMMON_BLOCKS = YES;
				GCC_OPTIMIZATION_LEVEL = 0;
				GCC_PREPROCESSOR_DEFINITIONS = (
					"DEBUG=1",
					"$(inherited)",
				);
				GCC_SYMBOLS_PRIVATE_EXTERN = NO;
				GCC_WARN_64_TO_32_BIT_CONVERSION = YES;
				GCC_WARN_ABOUT_RETURN_TYPE = YES_ERROR;
				GCC_WARN_UNDECLARED_SELECTOR = YES;
				GCC_WARN_UNINITIALIZED_AUTOS = YES_AGGRESSIVE;
				GCC_WARN_UNUSED_FUNCTION = YES;
				GCC_WARN_UNUSED_VARIABLE = YES;
				IPHONEOS_DEPLOYMENT_TARGET = 8.3;
				MTL_ENABLE_DEBUG_INFO = YES;
				ONLY_ACTIVE_ARCH = YES;
				SDKROOT = iphoneos;
				SWIFT_OPTIMIZATION_LEVEL = "-Onone";
				TARGETED_DEVICE_FAMILY = "1,2";
			};
			name = Debug;
		};
		CFF5A22F1B1C9D29008B74BE /* Release */ = {
			isa = XCBuildConfiguration;
			buildSettings = {
				ALWAYS_SEARCH_USER_PATHS = NO;
				CLANG_CXX_LANGUAGE_STANDARD = "gnu++0x";
				CLANG_CXX_LIBRARY = "libc++";
				CLANG_ENABLE_MODULES = YES;
				CLANG_ENABLE_OBJC_ARC = YES;
				CLANG_WARN_BOOL_CONVERSION = YES;
				CLANG_WARN_CONSTANT_CONVERSION = YES;
				CLANG_WARN_DIRECT_OBJC_ISA_USAGE = YES_ERROR;
				CLANG_WARN_EMPTY_BODY = YES;
				CLANG_WARN_ENUM_CONVERSION = YES;
				CLANG_WARN_INT_CONVERSION = YES;
				CLANG_WARN_OBJC_ROOT_CLASS = YES_ERROR;
				CLANG_WARN_UNREACHABLE_CODE = YES;
				CLANG_WARN__DUPLICATE_METHOD_MATCH = YES;
				"CODE_SIGN_IDENTITY[sdk=iphoneos*]" = "iPhone Developer";
				COPY_PHASE_STRIP = NO;
				DEBUG_INFORMATION_FORMAT = "dwarf-with-dsym";
				ENABLE_NS_ASSERTIONS = NO;
				ENABLE_STRICT_OBJC_MSGSEND = YES;
				GCC_C_LANGUAGE_STANDARD = gnu99;
				GCC_NO_COMMON_BLOCKS = YES;
				GCC_WARN_64_TO_32_BIT_CONVERSION = YES;
				GCC_WARN_ABOUT_RETURN_TYPE = YES_ERROR;
				GCC_WARN_UNDECLARED_SELECTOR = YES;
				GCC_WARN_UNINITIALIZED_AUTOS = YES_AGGRESSIVE;
				GCC_WARN_UNUSED_FUNCTION = YES;
				GCC_WARN_UNUSED_VARIABLE = YES;
				IPHONEOS_DEPLOYMENT_TARGET = 8.3;
				MTL_ENABLE_DEBUG_INFO = NO;
				SDKROOT = iphoneos;
				TARGETED_DEVICE_FAMILY = "1,2";
				VALIDATE_PRODUCT = YES;
			};
			name = Release;
		};
		CFF5A2311B1C9D29008B74BE /* Debug */ = {
			isa = XCBuildConfiguration;
			buildSettings = {
				ASSETCATALOG_COMPILER_APPICON_NAME = AppIcon;
				FRAMEWORK_SEARCH_PATHS = (
					"$(inherited)",
					"$(PROJECT_DIR)",
				);
				INFOPLIST_FILE = AirStream/Info.plist;
				LD_RUNPATH_SEARCH_PATHS = "$(inherited) @executable_path/Frameworks";
				PRODUCT_NAME = "$(TARGET_NAME)";
				SWIFT_OBJC_BRIDGING_HEADER = "$(PRODUCT_NAME)/FBImport.h";
			};
			name = Debug;
		};
		CFF5A2321B1C9D29008B74BE /* Release */ = {
			isa = XCBuildConfiguration;
			buildSettings = {
				ASSETCATALOG_COMPILER_APPICON_NAME = AppIcon;
				FRAMEWORK_SEARCH_PATHS = (
					"$(inherited)",
					"$(PROJECT_DIR)",
				);
				INFOPLIST_FILE = AirStream/Info.plist;
				LD_RUNPATH_SEARCH_PATHS = "$(inherited) @executable_path/Frameworks";
				PRODUCT_NAME = "$(TARGET_NAME)";
				SWIFT_OBJC_BRIDGING_HEADER = "$(PRODUCT_NAME)/FBImport.h";
			};
			name = Release;
		};
		CFF5A2341B1C9D29008B74BE /* Debug */ = {
			isa = XCBuildConfiguration;
			buildSettings = {
				BUNDLE_LOADER = "$(TEST_HOST)";
				FRAMEWORK_SEARCH_PATHS = (
					"$(SDKROOT)/Developer/Library/Frameworks",
					"$(inherited)",
				);
				GCC_PREPROCESSOR_DEFINITIONS = (
					"DEBUG=1",
					"$(inherited)",
				);
				INFOPLIST_FILE = AirStreamTests/Info.plist;
				LD_RUNPATH_SEARCH_PATHS = "$(inherited) @executable_path/Frameworks @loader_path/Frameworks";
				PRODUCT_NAME = "$(TARGET_NAME)";
				TEST_HOST = "$(BUILT_PRODUCTS_DIR)/AirStream.app/AirStream";
			};
			name = Debug;
		};
		CFF5A2351B1C9D29008B74BE /* Release */ = {
			isa = XCBuildConfiguration;
			buildSettings = {
				BUNDLE_LOADER = "$(TEST_HOST)";
				FRAMEWORK_SEARCH_PATHS = (
					"$(SDKROOT)/Developer/Library/Frameworks",
					"$(inherited)",
				);
				INFOPLIST_FILE = AirStreamTests/Info.plist;
				LD_RUNPATH_SEARCH_PATHS = "$(inherited) @executable_path/Frameworks @loader_path/Frameworks";
				PRODUCT_NAME = "$(TARGET_NAME)";
				TEST_HOST = "$(BUILT_PRODUCTS_DIR)/AirStream.app/AirStream";
			};
			name = Release;
		};
/* End XCBuildConfiguration section */

/* Begin XCConfigurationList section */
		CFF5A20C1B1C9D29008B74BE /* Build configuration list for PBXProject "AirStream" */ = {
			isa = XCConfigurationList;
			buildConfigurations = (
				CFF5A22E1B1C9D29008B74BE /* Debug */,
				CFF5A22F1B1C9D29008B74BE /* Release */,
			);
			defaultConfigurationIsVisible = 0;
			defaultConfigurationName = Release;
		};
		CFF5A2301B1C9D29008B74BE /* Build configuration list for PBXNativeTarget "AirStream" */ = {
			isa = XCConfigurationList;
			buildConfigurations = (
				CFF5A2311B1C9D29008B74BE /* Debug */,
				CFF5A2321B1C9D29008B74BE /* Release */,
			);
			defaultConfigurationIsVisible = 0;
			defaultConfigurationName = Release;
		};
		CFF5A2331B1C9D29008B74BE /* Build configuration list for PBXNativeTarget "AirStreamTests" */ = {
			isa = XCConfigurationList;
			buildConfigurations = (
				CFF5A2341B1C9D29008B74BE /* Debug */,
				CFF5A2351B1C9D29008B74BE /* Release */,
			);
			defaultConfigurationIsVisible = 0;
			defaultConfigurationName = Release;
		};
/* End XCConfigurationList section */
	};
	rootObject = CFF5A2091B1C9D29008B74BE /* Project object */;
}
